// !$*UTF8*$!
{
	archiveVersion = 1;
	classes = {
	};
	objectVersion = 56;
	objects = {

/* Begin PBXBuildFile section */
		2E00616B2AFA7DBC00778517 /* AppDelegate.swift in Sources */ = {isa = PBXBuildFile; fileRef = 2E00616A2AFA7DBC00778517 /* AppDelegate.swift */; };
		2E00616F2AFA7DBC00778517 /* MainViewController.swift in Sources */ = {isa = PBXBuildFile; fileRef = 2E00616E2AFA7DBC00778517 /* MainViewController.swift */; };
		2E0061742AFA7DC200778517 /* Assets.xcassets in Resources */ = {isa = PBXBuildFile; fileRef = 2E0061732AFA7DC200778517 /* Assets.xcassets */; };
		2E0061772AFA7DC200778517 /* LaunchScreen.storyboard in Resources */ = {isa = PBXBuildFile; fileRef = 2E0061752AFA7DC200778517 /* LaunchScreen.storyboard */; };
		2E576B682B03B22000708669 /* ProfileViewController.swift in Sources */ = {isa = PBXBuildFile; fileRef = 2E576B672B03B22000708669 /* ProfileViewController.swift */; };
		2E576B6A2B03C24B00708669 /* BalanceCell.swift in Sources */ = {isa = PBXBuildFile; fileRef = 2E576B692B03C24B00708669 /* BalanceCell.swift */; };
		2E576B6C2B0412C000708669 /* RecordCell.swift in Sources */ = {isa = PBXBuildFile; fileRef = 2E576B6B2B0412BF00708669 /* RecordCell.swift */; };
		2E5C54312AFA867800674D9A /* TabBarController.swift in Sources */ = {isa = PBXBuildFile; fileRef = 2E5C54302AFA867800674D9A /* TabBarController.swift */; };
		2E5C54332AFA8A6C00674D9A /* HistoryViewController.swift in Sources */ = {isa = PBXBuildFile; fileRef = 2E5C54322AFA8A6C00674D9A /* HistoryViewController.swift */; };
		2E5C54352AFA8A7A00674D9A /* SettingsViewController.swift in Sources */ = {isa = PBXBuildFile; fileRef = 2E5C54342AFA8A7A00674D9A /* SettingsViewController.swift */; };
		963A98F22B07C0CB00DBA3D1 /* Balance.swift in Sources */ = {isa = PBXBuildFile; fileRef = 963A98F12B07C0CB00DBA3D1 /* Balance.swift */; };
		963A98F42B07C0D700DBA3D1 /* Transaction.swift in Sources */ = {isa = PBXBuildFile; fileRef = 963A98F32B07C0D700DBA3D1 /* Transaction.swift */; };
		965511582B2368A100FECD03 /* DetailsViewController.swift in Sources */ = {isa = PBXBuildFile; fileRef = 965511572B2368A100FECD03 /* DetailsViewController.swift */; };
		9655115B2B23690500FECD03 /* DetailsPresenter.swift in Sources */ = {isa = PBXBuildFile; fileRef = 9655115A2B23690500FECD03 /* DetailsPresenter.swift */; };
		96D273162B107E19008E2E6E /* HistoryPresenter.swift in Sources */ = {isa = PBXBuildFile; fileRef = 96D273152B107E19008E2E6E /* HistoryPresenter.swift */; };
		96D273182B1083EB008E2E6E /* DetailsViewModel.swift in Sources */ = {isa = PBXBuildFile; fileRef = 96D273172B1083EB008E2E6E /* DetailsViewModel.swift */; };
/* End PBXBuildFile section */

/* Begin PBXFileReference section */
		2E0061672AFA7DBC00778517 /* expensesSachko.app */ = {isa = PBXFileReference; explicitFileType = wrapper.application; includeInIndex = 0; path = expensesSachko.app; sourceTree = BUILT_PRODUCTS_DIR; };
		2E00616A2AFA7DBC00778517 /* AppDelegate.swift */ = {isa = PBXFileReference; lastKnownFileType = sourcecode.swift; path = AppDelegate.swift; sourceTree = "<group>"; };
		2E00616E2AFA7DBC00778517 /* MainViewController.swift */ = {isa = PBXFileReference; lastKnownFileType = sourcecode.swift; path = MainViewController.swift; sourceTree = "<group>"; };
		2E0061732AFA7DC200778517 /* Assets.xcassets */ = {isa = PBXFileReference; lastKnownFileType = folder.assetcatalog; path = Assets.xcassets; sourceTree = "<group>"; };
		2E0061762AFA7DC200778517 /* Base */ = {isa = PBXFileReference; lastKnownFileType = file.storyboard; name = Base; path = Base.lproj/LaunchScreen.storyboard; sourceTree = "<group>"; };
		2E0061782AFA7DC200778517 /* Info.plist */ = {isa = PBXFileReference; lastKnownFileType = text.plist.xml; path = Info.plist; sourceTree = "<group>"; };
		2E576B672B03B22000708669 /* ProfileViewController.swift */ = {isa = PBXFileReference; lastKnownFileType = sourcecode.swift; path = ProfileViewController.swift; sourceTree = "<group>"; };
		2E576B692B03C24B00708669 /* BalanceCell.swift */ = {isa = PBXFileReference; lastKnownFileType = sourcecode.swift; path = BalanceCell.swift; sourceTree = "<group>"; };
		2E576B6B2B0412BF00708669 /* RecordCell.swift */ = {isa = PBXFileReference; lastKnownFileType = sourcecode.swift; path = RecordCell.swift; sourceTree = "<group>"; };
		2E5C54302AFA867800674D9A /* TabBarController.swift */ = {isa = PBXFileReference; lastKnownFileType = sourcecode.swift; path = TabBarController.swift; sourceTree = "<group>"; };
		2E5C54322AFA8A6C00674D9A /* HistoryViewController.swift */ = {isa = PBXFileReference; lastKnownFileType = sourcecode.swift; path = HistoryViewController.swift; sourceTree = "<group>"; };
		2E5C54342AFA8A7A00674D9A /* SettingsViewController.swift */ = {isa = PBXFileReference; lastKnownFileType = sourcecode.swift; path = SettingsViewController.swift; sourceTree = "<group>"; };
		963A98F12B07C0CB00DBA3D1 /* Balance.swift */ = {isa = PBXFileReference; lastKnownFileType = sourcecode.swift; path = Balance.swift; sourceTree = "<group>"; };
		963A98F32B07C0D700DBA3D1 /* Transaction.swift */ = {isa = PBXFileReference; lastKnownFileType = sourcecode.swift; path = Transaction.swift; sourceTree = "<group>"; };
		965511572B2368A100FECD03 /* DetailsViewController.swift */ = {isa = PBXFileReference; lastKnownFileType = sourcecode.swift; path = DetailsViewController.swift; sourceTree = "<group>"; };
		9655115A2B23690500FECD03 /* DetailsPresenter.swift */ = {isa = PBXFileReference; lastKnownFileType = sourcecode.swift; path = DetailsPresenter.swift; sourceTree = "<group>"; };
		96D273152B107E19008E2E6E /* HistoryPresenter.swift */ = {isa = PBXFileReference; lastKnownFileType = sourcecode.swift; path = HistoryPresenter.swift; sourceTree = "<group>"; };
		96D273172B1083EB008E2E6E /* DetailsViewModel.swift */ = {isa = PBXFileReference; lastKnownFileType = sourcecode.swift; path = DetailsViewModel.swift; sourceTree = "<group>"; };
/* End PBXFileReference section */

/* Begin PBXFrameworksBuildPhase section */
		2E0061642AFA7DBC00778517 /* Frameworks */ = {
			isa = PBXFrameworksBuildPhase;
			buildActionMask = 2147483647;
			files = (
			);
			runOnlyForDeploymentPostprocessing = 0;
		};
/* End PBXFrameworksBuildPhase section */

/* Begin PBXGroup section */
		2E00615E2AFA7DBC00778517 = {
			isa = PBXGroup;
			children = (
				2E0061692AFA7DBC00778517 /* expensesSachko */,
				2E0061682AFA7DBC00778517 /* Products */,
			);
			sourceTree = "<group>";
		};
		2E0061682AFA7DBC00778517 /* Products */ = {
			isa = PBXGroup;
			children = (
				2E0061672AFA7DBC00778517 /* expensesSachko.app */,
			);
			name = Products;
			sourceTree = "<group>";
		};
		2E0061692AFA7DBC00778517 /* expensesSachko */ = {
			isa = PBXGroup;
			children = (
				2E00616A2AFA7DBC00778517 /* AppDelegate.swift */,
				2E5C54302AFA867800674D9A /* TabBarController.swift */,
				2E576B6E2B089E9300708669 /* MainVC */,
				2E576B6F2B089EAB00708669 /* HistoryVC */,
				965511592B2368E600FECD03 /* Details */,
				2E576B702B089EBD00708669 /* SettingsVC */,
				9655115C2B2371CA00FECD03 /* Model */,
				2E576B672B03B22000708669 /* ProfileViewController.swift */,
				2E0061732AFA7DC200778517 /* Assets.xcassets */,
				2E0061752AFA7DC200778517 /* LaunchScreen.storyboard */,
				2E0061782AFA7DC200778517 /* Info.plist */,
			);
			path = expensesSachko;
			sourceTree = "<group>";
		};
		2E576B6D2B089E4700708669 /* ExtensionMainVC */ = {
			isa = PBXGroup;
			children = (
				963A98F12B07C0CB00DBA3D1 /* Balance.swift */,
				2E576B692B03C24B00708669 /* BalanceCell.swift */,
				963A98F32B07C0D700DBA3D1 /* Transaction.swift */,
				2E576B6B2B0412BF00708669 /* RecordCell.swift */,
			);
			path = ExtensionMainVC;
			sourceTree = "<group>";
		};
		2E576B6E2B089E9300708669 /* MainVC */ = {
			isa = PBXGroup;
			children = (
				2E00616E2AFA7DBC00778517 /* MainViewController.swift */,
				2E576B6D2B089E4700708669 /* ExtensionMainVC */,
			);
			path = MainVC;
			sourceTree = "<group>";
		};
		2E576B6F2B089EAB00708669 /* HistoryVC */ = {
			isa = PBXGroup;
			children = (
				2E5C54322AFA8A6C00674D9A /* HistoryViewController.swift */,
				96D273152B107E19008E2E6E /* HistoryPresenter.swift */,
			);
			path = HistoryVC;
			sourceTree = "<group>";
		};
		2E576B702B089EBD00708669 /* SettingsVC */ = {
			isa = PBXGroup;
			children = (
				2E5C54342AFA8A7A00674D9A /* SettingsViewController.swift */,
			);
			path = SettingsVC;
			sourceTree = "<group>";
		};
		965511592B2368E600FECD03 /* Details */ = {
			isa = PBXGroup;
			children = (
				965511572B2368A100FECD03 /* DetailsViewController.swift */,
				9655115A2B23690500FECD03 /* DetailsPresenter.swift */,
			);
			path = Details;
			sourceTree = "<group>";
		};
		9655115C2B2371CA00FECD03 /* Model */ = {
			isa = PBXGroup;
			children = (
				96D273172B1083EB008E2E6E /* DetailsViewModel.swift */,
			);
			path = Model;
			sourceTree = "<group>";
		};
/* End PBXGroup section */

/* Begin PBXNativeTarget section */
		2E0061662AFA7DBC00778517 /* expensesSachko */ = {
			isa = PBXNativeTarget;
			buildConfigurationList = 2E00617B2AFA7DC200778517 /* Build configuration list for PBXNativeTarget "expensesSachko" */;
			buildPhases = (
				2E0061632AFA7DBC00778517 /* Sources */,
				2E0061642AFA7DBC00778517 /* Frameworks */,
				2E0061652AFA7DBC00778517 /* Resources */,
			);
			buildRules = (
			);
			dependencies = (
			);
			name = expensesSachko;
			productName = expensesSachko;
			productReference = 2E0061672AFA7DBC00778517 /* expensesSachko.app */;
			productType = "com.apple.product-type.application";
		};
/* End PBXNativeTarget section */

/* Begin PBXProject section */
		2E00615F2AFA7DBC00778517 /* Project object */ = {
			isa = PBXProject;
			attributes = {
				BuildIndependentTargetsInParallel = 1;
				LastSwiftUpdateCheck = 1500;
				LastUpgradeCheck = 1500;
				TargetAttributes = {
					2E0061662AFA7DBC00778517 = {
						CreatedOnToolsVersion = 15.0;
					};
				};
			};
			buildConfigurationList = 2E0061622AFA7DBC00778517 /* Build configuration list for PBXProject "expensesSachko" */;
			compatibilityVersion = "Xcode 14.0";
			developmentRegion = en;
			hasScannedForEncodings = 0;
			knownRegions = (
				en,
				Base,
			);
			mainGroup = 2E00615E2AFA7DBC00778517;
			productRefGroup = 2E0061682AFA7DBC00778517 /* Products */;
			projectDirPath = "";
			projectRoot = "";
			targets = (
				2E0061662AFA7DBC00778517 /* expensesSachko */,
			);
		};
/* End PBXProject section */

/* Begin PBXResourcesBuildPhase section */
		2E0061652AFA7DBC00778517 /* Resources */ = {
			isa = PBXResourcesBuildPhase;
			buildActionMask = 2147483647;
			files = (
				2E0061772AFA7DC200778517 /* LaunchScreen.storyboard in Resources */,
				2E0061742AFA7DC200778517 /* Assets.xcassets in Resources */,
			);
			runOnlyForDeploymentPostprocessing = 0;
		};
/* End PBXResourcesBuildPhase section */

/* Begin PBXSourcesBuildPhase section */
		2E0061632AFA7DBC00778517 /* Sources */ = {
			isa = PBXSourcesBuildPhase;
			buildActionMask = 2147483647;
			files = (
				96D273162B107E19008E2E6E /* HistoryPresenter.swift in Sources */,
				963A98F42B07C0D700DBA3D1 /* Transaction.swift in Sources */,
				2E5C54312AFA867800674D9A /* TabBarController.swift in Sources */,
				9655115B2B23690500FECD03 /* DetailsPresenter.swift in Sources */,
				2E00616F2AFA7DBC00778517 /* MainViewController.swift in Sources */,
				2E576B6A2B03C24B00708669 /* BalanceCell.swift in Sources */,
				2E576B6C2B0412C000708669 /* RecordCell.swift in Sources */,
				2E00616B2AFA7DBC00778517 /* AppDelegate.swift in Sources */,
				963A98F22B07C0CB00DBA3D1 /* Balance.swift in Sources */,
				2E576B682B03B22000708669 /* ProfileViewController.swift in Sources */,
				2E5C54352AFA8A7A00674D9A /* SettingsViewController.swift in Sources */,
				2E5C54332AFA8A6C00674D9A /* HistoryViewController.swift in Sources */,
				965511582B2368A100FECD03 /* DetailsViewController.swift in Sources */,
				96D273182B1083EB008E2E6E /* DetailsViewModel.swift in Sources */,
			);
			runOnlyForDeploymentPostprocessing = 0;
		};
/* End PBXSourcesBuildPhase section */

/* Begin PBXVariantGroup section */
		2E0061752AFA7DC200778517 /* LaunchScreen.storyboard */ = {
			isa = PBXVariantGroup;
			children = (
				2E0061762AFA7DC200778517 /* Base */,
			);
			name = LaunchScreen.storyboard;
			sourceTree = "<group>";
		};
/* End PBXVariantGroup section */

/* Begin XCBuildConfiguration section */
		2E0061792AFA7DC200778517 /* Debug */ = {
			isa = XCBuildConfiguration;
			buildSettings = {
				ALWAYS_SEARCH_USER_PATHS = NO;
				ASSETCATALOG_COMPILER_GENERATE_SWIFT_ASSET_SYMBOL_EXTENSIONS = YES;
				CLANG_ANALYZER_NONNULL = YES;
				CLANG_ANALYZER_NUMBER_OBJECT_CONVERSION = YES_AGGRESSIVE;
				CLANG_CXX_LANGUAGE_STANDARD = "gnu++20";
				CLANG_ENABLE_MODULES = YES;
				CLANG_ENABLE_OBJC_ARC = YES;
				CLANG_ENABLE_OBJC_WEAK = YES;
				CLANG_WARN_BLOCK_CAPTURE_AUTORELEASING = YES;
				CLANG_WARN_BOOL_CONVERSION = YES;
				CLANG_WARN_COMMA = YES;
				CLANG_WARN_CONSTANT_CONVERSION = YES;
				CLANG_WARN_DEPRECATED_OBJC_IMPLEMENTATIONS = YES;
				CLANG_WARN_DIRECT_OBJC_ISA_USAGE = YES_ERROR;
				CLANG_WARN_DOCUMENTATION_COMMENTS = YES;
				CLANG_WARN_EMPTY_BODY = YES;
				CLANG_WARN_ENUM_CONVERSION = YES;
				CLANG_WARN_INFINITE_RECURSION = YES;
				CLANG_WARN_INT_CONVERSION = YES;
				CLANG_WARN_NON_LITERAL_NULL_CONVERSION = YES;
				CLANG_WARN_OBJC_IMPLICIT_RETAIN_SELF = YES;
				CLANG_WARN_OBJC_LITERAL_CONVERSION = YES;
				CLANG_WARN_OBJC_ROOT_CLASS = YES_ERROR;
				CLANG_WARN_QUOTED_INCLUDE_IN_FRAMEWORK_HEADER = YES;
				CLANG_WARN_RANGE_LOOP_ANALYSIS = YES;
				CLANG_WARN_STRICT_PROTOTYPES = YES;
				CLANG_WARN_SUSPICIOUS_MOVE = YES;
				CLANG_WARN_UNGUARDED_AVAILABILITY = YES_AGGRESSIVE;
				CLANG_WARN_UNREACHABLE_CODE = YES;
				CLANG_WARN__DUPLICATE_METHOD_MATCH = YES;
				COPY_PHASE_STRIP = NO;
				DEBUG_INFORMATION_FORMAT = dwarf;
				ENABLE_STRICT_OBJC_MSGSEND = YES;
				ENABLE_TESTABILITY = YES;
				ENABLE_USER_SCRIPT_SANDBOXING = YES;
				GCC_C_LANGUAGE_STANDARD = gnu17;
				GCC_DYNAMIC_NO_PIC = NO;
				GCC_NO_COMMON_BLOCKS = YES;
				GCC_OPTIMIZATION_LEVEL = 0;
				GCC_PREPROCESSOR_DEFINITIONS = (
					"DEBUG=1",
					"$(inherited)",
				);
				GCC_WARN_64_TO_32_BIT_CONVERSION = YES;
				GCC_WARN_ABOUT_RETURN_TYPE = YES_ERROR;
				GCC_WARN_UNDECLARED_SELECTOR = YES;
				GCC_WARN_UNINITIALIZED_AUTOS = YES_AGGRESSIVE;
				GCC_WARN_UNUSED_FUNCTION = YES;
				GCC_WARN_UNUSED_VARIABLE = YES;
				IPHONEOS_DEPLOYMENT_TARGET = 17.0;
				LOCALIZATION_PREFERS_STRING_CATALOGS = YES;
				MTL_ENABLE_DEBUG_INFO = INCLUDE_SOURCE;
				MTL_FAST_MATH = YES;
				ONLY_ACTIVE_ARCH = YES;
				SDKROOT = iphoneos;
				SWIFT_ACTIVE_COMPILATION_CONDITIONS = "DEBUG $(inherited)";
				SWIFT_OPTIMIZATION_LEVEL = "-Onone";
			};
			name = Debug;
		};
		2E00617A2AFA7DC200778517 /* Release */ = {
			isa = XCBuildConfiguration;
			buildSettings = {
				ALWAYS_SEARCH_USER_PATHS = NO;
				ASSETCATALOG_COMPILER_GENERATE_SWIFT_ASSET_SYMBOL_EXTENSIONS = YES;
				CLANG_ANALYZER_NONNULL = YES;
				CLANG_ANALYZER_NUMBER_OBJECT_CONVERSION = YES_AGGRESSIVE;
				CLANG_CXX_LANGUAGE_STANDARD = "gnu++20";
				CLANG_ENABLE_MODULES = YES;
				CLANG_ENABLE_OBJC_ARC = YES;
				CLANG_ENABLE_OBJC_WEAK = YES;
				CLANG_WARN_BLOCK_CAPTURE_AUTORELEASING = YES;
				CLANG_WARN_BOOL_CONVERSION = YES;
				CLANG_WARN_COMMA = YES;
				CLANG_WARN_CONSTANT_CONVERSION = YES;
				CLANG_WARN_DEPRECATED_OBJC_IMPLEMENTATIONS = YES;
				CLANG_WARN_DIRECT_OBJC_ISA_USAGE = YES_ERROR;
				CLANG_WARN_DOCUMENTATION_COMMENTS = YES;
				CLANG_WARN_EMPTY_BODY = YES;
				CLANG_WARN_ENUM_CONVERSION = YES;
				CLANG_WARN_INFINITE_RECURSION = YES;
				CLANG_WARN_INT_CONVERSION = YES;
				CLANG_WARN_NON_LITERAL_NULL_CONVERSION = YES;
				CLANG_WARN_OBJC_IMPLICIT_RETAIN_SELF = YES;
				CLANG_WARN_OBJC_LITERAL_CONVERSION = YES;
				CLANG_WARN_OBJC_ROOT_CLASS = YES_ERROR;
				CLANG_WARN_QUOTED_INCLUDE_IN_FRAMEWORK_HEADER = YES;
				CLANG_WARN_RANGE_LOOP_ANALYSIS = YES;
				CLANG_WARN_STRICT_PROTOTYPES = YES;
				CLANG_WARN_SUSPICIOUS_MOVE = YES;
				CLANG_WARN_UNGUARDED_AVAILABILITY = YES_AGGRESSIVE;
				CLANG_WARN_UNREACHABLE_CODE = YES;
				CLANG_WARN__DUPLICATE_METHOD_MATCH = YES;
				COPY_PHASE_STRIP = NO;
				DEBUG_INFORMATION_FORMAT = "dwarf-with-dsym";
				ENABLE_NS_ASSERTIONS = NO;
				ENABLE_STRICT_OBJC_MSGSEND = YES;
				ENABLE_USER_SCRIPT_SANDBOXING = YES;
				GCC_C_LANGUAGE_STANDARD = gnu17;
				GCC_NO_COMMON_BLOCKS = YES;
				GCC_WARN_64_TO_32_BIT_CONVERSION = YES;
				GCC_WARN_ABOUT_RETURN_TYPE = YES_ERROR;
				GCC_WARN_UNDECLARED_SELECTOR = YES;
				GCC_WARN_UNINITIALIZED_AUTOS = YES_AGGRESSIVE;
				GCC_WARN_UNUSED_FUNCTION = YES;
				GCC_WARN_UNUSED_VARIABLE = YES;
				IPHONEOS_DEPLOYMENT_TARGET = 17.0;
				LOCALIZATION_PREFERS_STRING_CATALOGS = YES;
				MTL_ENABLE_DEBUG_INFO = NO;
				MTL_FAST_MATH = YES;
				SDKROOT = iphoneos;
				SWIFT_COMPILATION_MODE = wholemodule;
				VALIDATE_PRODUCT = YES;
			};
			name = Release;
		};
		2E00617C2AFA7DC200778517 /* Debug */ = {
			isa = XCBuildConfiguration;
			buildSettings = {
				ASSETCATALOG_COMPILER_APPICON_NAME = AppIcon;
				ASSETCATALOG_COMPILER_GLOBAL_ACCENT_COLOR_NAME = AccentColor;
				CODE_SIGN_STYLE = Automatic;
				CURRENT_PROJECT_VERSION = 1;
				DEVELOPMENT_TEAM = 5HP2JJLJ88;
				GENERATE_INFOPLIST_FILE = YES;
				INFOPLIST_FILE = expensesSachko/Info.plist;
				INFOPLIST_KEY_UIApplicationSupportsIndirectInputEvents = YES;
				INFOPLIST_KEY_UILaunchStoryboardName = LaunchScreen;
				INFOPLIST_KEY_UISupportedInterfaceOrientations_iPad = "UIInterfaceOrientationPortrait UIInterfaceOrientationPortraitUpsideDown UIInterfaceOrientationLandscapeLeft UIInterfaceOrientationLandscapeRight";
				INFOPLIST_KEY_UISupportedInterfaceOrientations_iPhone = "UIInterfaceOrientationPortrait UIInterfaceOrientationLandscapeLeft UIInterfaceOrientationLandscapeRight";
				LD_RUNPATH_SEARCH_PATHS = (
					"$(inherited)",
					"@executable_path/Frameworks",
				);
				MARKETING_VERSION = 1.0;
				PRODUCT_BUNDLE_IDENTIFIER = Sachko.expensesSachko.expensesSachko;
				PRODUCT_NAME = "$(TARGET_NAME)";
				SUPPORTED_PLATFORMS = "iphoneos iphonesimulator";
				SUPPORTS_MACCATALYST = NO;
				SUPPORTS_MAC_DESIGNED_FOR_IPHONE_IPAD = NO;
				SUPPORTS_XR_DESIGNED_FOR_IPHONE_IPAD = NO;
				SWIFT_EMIT_LOC_STRINGS = YES;
				SWIFT_VERSION = 5.0;
				TARGETED_DEVICE_FAMILY = 1;
			};
			name = Debug;
		};
		2E00617D2AFA7DC200778517 /* Release */ = {
			isa = XCBuildConfiguration;
			buildSettings = {
				ASSETCATALOG_COMPILER_APPICON_NAME = AppIcon;
				ASSETCATALOG_COMPILER_GLOBAL_ACCENT_COLOR_NAME = AccentColor;
				CODE_SIGN_STYLE = Automatic;
				CURRENT_PROJECT_VERSION = 1;
				DEVELOPMENT_TEAM = 5HP2JJLJ88;
				GENERATE_INFOPLIST_FILE = YES;
				INFOPLIST_FILE = expensesSachko/Info.plist;
				INFOPLIST_KEY_UIApplicationSupportsIndirectInputEvents = YES;
				INFOPLIST_KEY_UILaunchStoryboardName = LaunchScreen;
				INFOPLIST_KEY_UISupportedInterfaceOrientations_iPad = "UIInterfaceOrientationPortrait UIInterfaceOrientationPortraitUpsideDown UIInterfaceOrientationLandscapeLeft UIInterfaceOrientationLandscapeRight";
				INFOPLIST_KEY_UISupportedInterfaceOrientations_iPhone = "UIInterfaceOrientationPortrait UIInterfaceOrientationLandscapeLeft UIInterfaceOrientationLandscapeRight";
				LD_RUNPATH_SEARCH_PATHS = (
					"$(inherited)",
					"@executable_path/Frameworks",
				);
				MARKETING_VERSION = 1.0;
				PRODUCT_BUNDLE_IDENTIFIER = Sachko.expensesSachko.expensesSachko;
				PRODUCT_NAME = "$(TARGET_NAME)";
				SUPPORTED_PLATFORMS = "iphoneos iphonesimulator";
				SUPPORTS_MACCATALYST = NO;
				SUPPORTS_MAC_DESIGNED_FOR_IPHONE_IPAD = NO;
				SUPPORTS_XR_DESIGNED_FOR_IPHONE_IPAD = NO;
				SWIFT_EMIT_LOC_STRINGS = YES;
				SWIFT_VERSION = 5.0;
				TARGETED_DEVICE_FAMILY = 1;
			};
			name = Release;
		};
/* End XCBuildConfiguration section */

/* Begin XCConfigurationList section */
		2E0061622AFA7DBC00778517 /* Build configuration list for PBXProject "expensesSachko" */ = {
			isa = XCConfigurationList;
			buildConfigurations = (
				2E0061792AFA7DC200778517 /* Debug */,
				2E00617A2AFA7DC200778517 /* Release */,
			);
			defaultConfigurationIsVisible = 0;
			defaultConfigurationName = Release;
		};
		2E00617B2AFA7DC200778517 /* Build configuration list for PBXNativeTarget "expensesSachko" */ = {
			isa = XCConfigurationList;
			buildConfigurations = (
				2E00617C2AFA7DC200778517 /* Debug */,
				2E00617D2AFA7DC200778517 /* Release */,
			);
			defaultConfigurationIsVisible = 0;
			defaultConfigurationName = Release;
		};
/* End XCConfigurationList section */
	};
	rootObject = 2E00615F2AFA7DBC00778517 /* Project object */;
}
